github.com/hallgren/eventsourcing v0.6.0 h1:LxEGa2AliKsZIWDXgGfyCRlvTo+oEwhL8TEGgJ3E5Yk=
github.com/hallgren/eventsourcing v0.6.0/go.mod h1:62QwV0m8wLQM6SZwtuGn4lwA5UUFozFnALyZvFeX9ps=
github.com/hallgren/eventsourcing/core v0.4.0 h1:a11TT3df7JlrZtIogqbGmLGgmeugRavwD8HrLtW1Uxw=
github.com/hallgren/eventsourcing/core v0.4.0/go.mod h1:rgo2kFwNVCb0bzUub5nOPlUYNlFkp1uUQBEQx5fM3Lk=
