github.com/hallgren/eventsourcing/core v0.4.0 h1:a11TT3df7JlrZtIogqbGmLGgmeugRavwD8HrLtW1Uxw=
github.com/hallgren/eventsourcing/core v0.4.0/go.mod h1:rgo2kFwNVCb0bzUub5nOPlUYNlFkp1uUQBEQx5fM3Lk=
github.com/mattn/go-sqlite3 v1.14.24 h1:tpSp2G2KyMnnQu99ngJ47EIkWVmliIizyZBfPrBWDRM=
github.com/mattn/go-sqlite3 v1.14.24/go.mod h1:Uh1q+B4BYcTPb+yiD3kU8Ct7aC0hY9fxUwlHK0RXw+Y=
