github.com/hallgren/eventsourcing/core v0.4.0 h1:a11TT3df7JlrZtIogqbGmLGgmeugRavwD8HrLtW1Uxw=
github.com/hallgren/eventsourcing/core v0.4.0/go.mod h1:rgo2kFwNVCb0bzUub5nOPlUYNlFkp1uUQBEQx5fM3Lk=
github.com/mattn/go-sqlite3 v1.14.22 h1:2gZY6PC6kBnID23Tichd1K+Z0oS6nE/XwU+Vz/5o4kU=
github.com/mattn/go-sqlite3 v1.14.22/go.mod h1:Uh1q+B4BYcTPb+yiD3kU8Ct7aC0hY9fxUwlHK0RXw+Y=
